Microsoft Visual Studio Solution File, Format Version 12.00
# Visual Studio Version 17
VisualStudioVersion = 17.5.2.0
MinimumVisualStudioVersion = 10.0.40219.1
Project("{2150E333-8FDC-42A3-9474-1A3956D46DE8}") = "Proyecto2", "Proyecto2", "{CBD59EDF-8EEA-532B-873F-EA413B8A5675}"
EndProject
Project("{FAE04EC0-301F-11D3-BF4B-00C04F79EFBC}") = "probando", "Proyecto2\probando\probando.csproj", "{40DE9ED3-8C10-2E36-2F3D-2F844A9E131A}"
EndProject
Global
	GlobalSection(SolutionConfigurationPlatforms) = preSolution
		Debug|Any CPU = Debug|Any CPU
		Release|Any CPU = Release|Any CPU
	EndGlobalSection
	GlobalSection(ProjectConfigurationPlatforms) = postSolution
		{40DE9ED3-8C10-2E36-2F3D-2F844A9E131A}.Debug|Any CPU.ActiveCfg = Debug|Any CPU
		{40DE9ED3-8C10-2E36-2F3D-2F844A9E131A}.Debug|Any CPU.Build.0 = Debug|Any CPU
		{40DE9ED3-8C10-2E36-2F3D-2F844A9E131A}.Release|Any CPU.ActiveCfg = Release|Any CPU
		{40DE9ED3-8C10-2E36-2F3D-2F844A9E131A}.Release|Any CPU.Build.0 = Release|Any CPU
	EndGlobalSection
	GlobalSection(SolutionProperties) = preSolution
		HideSolutionNode = FALSE
	EndGlobalSection
	GlobalSection(NestedProjects) = preSolution
		{40DE9ED3-8C10-2E36-2F3D-2F844A9E131A} = {CBD59EDF-8EEA-532B-873F-EA413B8A5675}
	EndGlobalSection
	GlobalSection(ExtensibilityGlobals) = postSolution
		SolutionGuid = {293FE4F5-DFAA-4851-A904-0D075B99452A}
	EndGlobalSection
EndGlobal